
Microsoft Visual Studio Solution File, Format Version 12.00
# Visual Studio Version 16
VisualStudioVersion = 16.0.29613.14
MinimumVisualStudioVersion = 10.0.40219.1
Project("{FAE04EC0-301F-11D3-BF4B-00C04F79EFBC}") = "ConsoleApp8", "ConsoleApp8\ConsoleApp8.csproj", "{8EA11AAB-A991-4E65-B108-FBC618C5DA3B}"
EndProject
Global
	GlobalSection(SolutionConfigurationPlatforms) = preSolution
		Debug|Any CPU = Debug|Any CPU
		Release|Any CPU = Release|Any CPU
	EndGlobalSection
	GlobalSection(ProjectConfigurationPlatforms) = postSolution
		{8EA11AAB-A991-4E65-B108-FBC618C5DA3B}.Debug|Any CPU.ActiveCfg = Debug|Any CPU
		{8EA11AAB-A991-4E65-B108-FBC618C5DA3B}.Debug|Any CPU.Build.0 = Debug|Any CPU
		{8EA11AAB-A991-4E65-B108-FBC618C5DA3B}.Release|Any CPU.ActiveCfg = Release|Any CPU
		{8EA11AAB-A991-4E65-B108-FBC618C5DA3B}.Release|Any CPU.Build.0 = Release|Any CPU
	EndGlobalSection
	GlobalSection(SolutionProperties) = preSolution
		HideSolutionNode = FALSE
	EndGlobalSection
	GlobalSection(ExtensibilityGlobals) = postSolution
		SolutionGuid = {7D3F3D04-C613-4BC7-BCFF-E0570B96053F}
	EndGlobalSection
EndGlobal
