
Microsoft Visual Studio Solution File, Format Version 12.00
# Visual Studio Version 16
VisualStudioVersion = 16.0.29613.14
MinimumVisualStudioVersion = 10.0.40219.1
Project("{FAE04EC0-301F-11D3-BF4B-00C04F79EFBC}") = "FormsApp7", "FormsApp7\FormsApp7.csproj", "{715D43F3-9237-4001-B279-96A6ED26C0FC}"
EndProject
Global
	GlobalSection(SolutionConfigurationPlatforms) = preSolution
		Debug|Any CPU = Debug|Any CPU
		Release|Any CPU = Release|Any CPU
	EndGlobalSection
	GlobalSection(ProjectConfigurationPlatforms) = postSolution
		{715D43F3-9237-4001-B279-96A6ED26C0FC}.Debug|Any CPU.ActiveCfg = Debug|Any CPU
		{715D43F3-9237-4001-B279-96A6ED26C0FC}.Debug|Any CPU.Build.0 = Debug|Any CPU
		{715D43F3-9237-4001-B279-96A6ED26C0FC}.Release|Any CPU.ActiveCfg = Release|Any CPU
		{715D43F3-9237-4001-B279-96A6ED26C0FC}.Release|Any CPU.Build.0 = Release|Any CPU
	EndGlobalSection
	GlobalSection(SolutionProperties) = preSolution
		HideSolutionNode = FALSE
	EndGlobalSection
	GlobalSection(ExtensibilityGlobals) = postSolution
		SolutionGuid = {7B9A4005-146B-4D1F-92FD-5AEBEC1A1F9F}
	EndGlobalSection
EndGlobal
