
Microsoft Visual Studio Solution File, Format Version 12.00
# Visual Studio Version 16
VisualStudioVersion = 16.0.29613.14
MinimumVisualStudioVersion = 10.0.40219.1
Project("{FAE04EC0-301F-11D3-BF4B-00C04F79EFBC}") = "CreateLoginPanelProject", "CreateLoginPanelProject\CreateLoginPanelProject.csproj", "{7EDE91E1-7464-4EC3-97E6-A9EBEA4898BC}"
EndProject
Global
	GlobalSection(SolutionConfigurationPlatforms) = preSolution
		Debug|Any CPU = Debug|Any CPU
		Release|Any CPU = Release|Any CPU
	EndGlobalSection
	GlobalSection(ProjectConfigurationPlatforms) = postSolution
		{7EDE91E1-7464-4EC3-97E6-A9EBEA4898BC}.Debug|Any CPU.ActiveCfg = Debug|Any CPU
		{7EDE91E1-7464-4EC3-97E6-A9EBEA4898BC}.Debug|Any CPU.Build.0 = Debug|Any CPU
		{7EDE91E1-7464-4EC3-97E6-A9EBEA4898BC}.Release|Any CPU.ActiveCfg = Release|Any CPU
		{7EDE91E1-7464-4EC3-97E6-A9EBEA4898BC}.Release|Any CPU.Build.0 = Release|Any CPU
	EndGlobalSection
	GlobalSection(SolutionProperties) = preSolution
		HideSolutionNode = FALSE
	EndGlobalSection
	GlobalSection(ExtensibilityGlobals) = postSolution
		SolutionGuid = {405FE501-077B-436D-92CE-69CC1D0D0FE9}
	EndGlobalSection
EndGlobal
