
Microsoft Visual Studio Solution File, Format Version 12.00
# Visual Studio Version 16
VisualStudioVersion = 16.0.29613.14
MinimumVisualStudioVersion = 10.0.40219.1
Project("{FAE04EC0-301F-11D3-BF4B-00C04F79EFBC}") = "FormsApp5", "FormsApp5\FormsApp5.csproj", "{201950C9-E49A-41E5-9BEE-26024413EB1D}"
EndProject
Global
	GlobalSection(SolutionConfigurationPlatforms) = preSolution
		Debug|Any CPU = Debug|Any CPU
		Release|Any CPU = Release|Any CPU
	EndGlobalSection
	GlobalSection(ProjectConfigurationPlatforms) = postSolution
		{201950C9-E49A-41E5-9BEE-26024413EB1D}.Debug|Any CPU.ActiveCfg = Debug|Any CPU
		{201950C9-E49A-41E5-9BEE-26024413EB1D}.Debug|Any CPU.Build.0 = Debug|Any CPU
		{201950C9-E49A-41E5-9BEE-26024413EB1D}.Release|Any CPU.ActiveCfg = Release|Any CPU
		{201950C9-E49A-41E5-9BEE-26024413EB1D}.Release|Any CPU.Build.0 = Release|Any CPU
	EndGlobalSection
	GlobalSection(SolutionProperties) = preSolution
		HideSolutionNode = FALSE
	EndGlobalSection
	GlobalSection(ExtensibilityGlobals) = postSolution
		SolutionGuid = {D1137058-DE17-4764-B590-A0446736A257}
	EndGlobalSection
EndGlobal
